
Microsoft Visual Studio Solution File, Format Version 12.00
# Visual Studio 15
VisualStudioVersion = 15.0.28010.2046
MinimumVisualStudioVersion = 10.0.40219.1
Project("{FAE04EC0-301F-11D3-BF4B-00C04F79EFBC}") = "lambda_expressions_140", "lambda_expressions_140\lambda_expressions_140.csproj", "{ED19A6CB-7FA2-4075-BFCA-52CD3181DF3F}"
EndProject
Global
	GlobalSection(SolutionConfigurationPlatforms) = preSolution
		Debug|Any CPU = Debug|Any CPU
		Release|Any CPU = Release|Any CPU
	EndGlobalSection
	GlobalSection(ProjectConfigurationPlatforms) = postSolution
		{ED19A6CB-7FA2-4075-BFCA-52CD3181DF3F}.Debug|Any CPU.ActiveCfg = Debug|Any CPU
		{ED19A6CB-7FA2-4075-BFCA-52CD3181DF3F}.Debug|Any CPU.Build.0 = Debug|Any CPU
		{ED19A6CB-7FA2-4075-BFCA-52CD3181DF3F}.Release|Any CPU.ActiveCfg = Release|Any CPU
		{ED19A6CB-7FA2-4075-BFCA-52CD3181DF3F}.Release|Any CPU.Build.0 = Release|Any CPU
	EndGlobalSection
	GlobalSection(SolutionProperties) = preSolution
		HideSolutionNode = FALSE
	EndGlobalSection
	GlobalSection(ExtensibilityGlobals) = postSolution
		SolutionGuid = {89A47715-EFAE-4F4F-AAEE-11D706C943F6}
	EndGlobalSection
EndGlobal
